# This file is automatically @generated by Cargo.
# It is not intended for manual editing.
version = 4

[[package]]
name = "rusty_rtos_core"
version = "0.1.0"
source = "git+https://github.com/Remade-With-Rust/rusty_rtos_core#bf744f7d3958d8d240ca6040443bb01373fb179e"

[[package]]
name = "rusty_rtos_port"
version = "0.1.0"
dependencies = [
 "rusty_rtos_port-core",
]

[[package]]
name = "rusty_rtos_port-core"
version = "0.1.0"
dependencies = [
 "rusty_rtos_core",
]
