# This file is automatically @generated by Cargo.
# It is not intended for manual editing.
version = 4

[[package]]
name = "rusty_rtos_core"
version = "0.1.0"
source = "git+https://github.com/Remade-With-Rust/rusty_rtos_core#abe6e48f4da2b5bfbcc3617b69287d0574696d46"

[[package]]
name = "rusty_rtos_port"
version = "0.1.0"
dependencies = [
 "rusty_rtos_port-core",
]

[[package]]
name = "rusty_rtos_port-core"
version = "0.1.0"
dependencies = [
 "rusty_rtos_core",
]
