# This file is automatically @generated by Cargo.
# It is not intended for manual editing.
version = 4

[[package]]
name = "rusty_rtos_core"
version = "0.1.0"
source = "git+https://github.com/Remade-With-Rust/rusty_rtos_core#b81058f0f7fab8a9eb8cd939e33346b729532eab"

[[package]]
name = "rusty_rtos_port"
version = "0.1.0"
dependencies = [
 "rusty_rtos_port-core",
]

[[package]]
name = "rusty_rtos_port-core"
version = "0.1.0"
dependencies = [
 "rusty_rtos_core",
]

[[package]]
name = "rusty_rtos_port-cortex-m"
version = "0.1.0"
dependencies = [
 "rusty_rtos_core",
]
